lockfileVersion: '6.0'

dependencies:
  next:
    specifier: canary
    version: 13.2.5-canary.10(react-dom@18.2.0)(react@18.2.0)
  nprogress:
    specifier: 0.2.0
    version: 0.2.0
  react:
    specifier: 18.2.0
    version: 18.2.0
  react-dom:
    specifier: 18.2.0
    version: 18.2.0(react@18.2.0)

devDependencies:
  '@types/node':
    specifier: 18.15.11
    version: 18.15.11
  '@types/nprogress':
    specifier: 0.2.0
    version: 0.2.0
  '@types/react':
    specifier: 18.0.32
    version: 18.0.32
  '@types/react-dom':
    specifier: 18.0.11
    version: 18.0.11
  typescript:
    specifier: 5.0.3
    version: 5.0.3

packages:

  /@next/env@13.2.5-canary.10:
    resolution: {integrity: sha512-EQHjfg+u+8MkHcF4Pr75VOG5o7fT1fXAbTj0M61L43oPpHcCjo8mdxRyaTSlUbDgmYZGWRB0wmsdtH+7ccCtEg==}
    dev: false

  /@next/swc-android-arm-eabi@13.2.5-canary.10:
    resolution: {integrity: sha512-SOJzyimV93BKujpkDomDY+pDIhQtheyJQgsivMMmlYyAoBnmvsczIZKb1yMKNpvKs+DIg01wDnU0BHnwkSdcVQ==}
    engines: {node: '>= 10'}
    cpu: [arm]
    os: [android]
    requiresBuild: true
    dev: false
    optional: true

  /@next/swc-android-arm64@13.2.5-canary.10:
    resolution: {integrity: sha512-DKB08+KjFroYtBtJOXvYC0nX+hxCLmb21eTxJCuo5BVW8TfbiQZ61muStqTygGU89oeaOIsV2X4fPNlLfGm1sg==}
    engines: {node: '>= 10'}
    cpu: [arm64]
    os: [android]
    requiresBuild: true
    dev: false
    optional: true

  /@next/swc-darwin-arm64@13.2.5-canary.10:
    resolution: {integrity: sha512-fPfAH+ylQg/SxfrmHl/DIbv9Oc4MXiQCeDuy0bBWtdfApYDygIpTcohi4ViHNyZav+CBK4FMkfkC0ftHL56olw==}
    engines: {node: '>= 10'}
    cpu: [arm64]
    os: [darwin]
    requiresBuild: true
    dev: false
    optional: true

  /@next/swc-darwin-x64@13.2.5-canary.10:
    resolution: {integrity: sha512-qGV1WvYLIXwaIgCFeMSQidpdyjI3DokgyMjn3ijpwj8bh6NYzIrwFONU50LTbAttPf/LvCrW627Id19kgjJizQ==}
    engines: {node: '>= 10'}
    cpu: [x64]
    os: [darwin]
    requiresBuild: true
    dev: false
    optional: true

  /@next/swc-freebsd-x64@13.2.5-canary.10:
    resolution: {integrity: sha512-5OlrCs4+uz9+vyB3XLNCmFyXRW+d5COfFIisKb2Vq3mTUTw4ht3fnbv9PoB5Nxxrxbt9Ff4BeGggis1kcyFzdQ==}
    engines: {node: '>= 10'}
    cpu: [x64]
    os: [freebsd]
    requiresBuild: true
    dev: false
    optional: true

  /@next/swc-linux-arm-gnueabihf@13.2.5-canary.10:
    resolution: {integrity: sha512-jRRY+MhBpoiFHFhXbJKvYjhbtMZsXmMCrSvvAualrL755VI2lPybLUkdF1Pbn+Ab9m9rHqu7LzNTtIXez2uU0w==}
    engines: {node: '>= 10'}
    cpu: [arm]
    os: [linux]
    requiresBuild: true
    dev: false
    optional: true

  /@next/swc-linux-arm64-gnu@13.2.5-canary.10:
    resolution: {integrity: sha512-Xi6iKayDzmHEAaFU9n7dYMFYr/hzekHwPCM0ajlTMu7MFR3I1cLqULOJXpauUz0MjvO8woxFoM5bdFI880sTAg==}
    engines: {node: '>= 10'}
    cpu: [arm64]
    os: [linux]
    requiresBuild: true
    dev: false
    optional: true

  /@next/swc-linux-arm64-musl@13.2.5-canary.10:
    resolution: {integrity: sha512-EdILxwmJKCm9QQO3u+eW+nMNfONb0vOz07ovHTr7WEgYSJ/Wub6tRiJ0wFLaVxyCM/SWEpSCOpGslgRFezqTtA==}
    engines: {node: '>= 10'}
    cpu: [arm64]
    os: [linux]
    requiresBuild: true
    dev: false
    optional: true

  /@next/swc-linux-x64-gnu@13.2.5-canary.10:
    resolution: {integrity: sha512-Y/t2hDAzMRbHSQhG3iL+46r1ZIBkRZJ1XZb7RVSYuzdW+PEfDeK9GyWfzPlWoHhnhn3RXtB3YYaj3NgXlBP5Tg==}
    engines: {node: '>= 10'}
    cpu: [x64]
    os: [linux]
    requiresBuild: true
    dev: false
    optional: true

  /@next/swc-linux-x64-musl@13.2.5-canary.10:
    resolution: {integrity: sha512-fMSSnrzL7aUWRdwXm/mbBrWvvNW77XgjInEisPHMtpbrslp4lLhx+8qxDKxxfUZicAJAQ4y6ERR8LjRhFP+fdQ==}
    engines: {node: '>= 10'}
    cpu: [x64]
    os: [linux]
    requiresBuild: true
    dev: false
    optional: true

  /@next/swc-win32-arm64-msvc@13.2.5-canary.10:
    resolution: {integrity: sha512-1s4OUxvUDx8EV6xLaOpoBM9hcEHfDOAH3OA7MZLKKiR/4doirvMXZU6DeHnAqzmuoWo1HY/zvGqF32f3NahXoA==}
    engines: {node: '>= 10'}
    cpu: [arm64]
    os: [win32]
    requiresBuild: true
    dev: false
    optional: true

  /@next/swc-win32-ia32-msvc@13.2.5-canary.10:
    resolution: {integrity: sha512-jAGBJKb+WAI0nMNs6SZu3aNM2IE29174EG69KmyiEVP5hvo29BgZr1+se3858PY7MpenaMfJVR4ZX5caAhlGIg==}
    engines: {node: '>= 10'}
    cpu: [ia32]
    os: [win32]
    requiresBuild: true
    dev: false
    optional: true

  /@next/swc-win32-x64-msvc@13.2.5-canary.10:
    resolution: {integrity: sha512-nc468wp7OyJXc7jOgbbbQbjSnG2IbiifJG8k4nQUfleAK67fBUAnHkxeOxGL2q1Bo+UEZHEFH9tRVULzWYGgKA==}
    engines: {node: '>= 10'}
    cpu: [x64]
    os: [win32]
    requiresBuild: true
    dev: false
    optional: true

  /@swc/helpers@0.4.14:
    resolution: {integrity: sha512-4C7nX/dvpzB7za4Ql9K81xK3HPxCpHMgwTZVyf+9JQ6VUbn9jjZVN7/Nkdz/Ugzs2CSjqnL/UPXroiVBVHUWUw==}
    dependencies:
      tslib: 2.4.1
    dev: false

  /@types/node@18.15.11:
    resolution: {integrity: sha512-E5Kwq2n4SbMzQOn6wnmBjuK9ouqlURrcZDVfbo9ftDDTFt3nk7ZKK4GMOzoYgnpQJKcxwQw+lGaBvvlMo0qN/Q==}
    dev: true

  /@types/nprogress@0.2.0:
    resolution: {integrity: sha512-1cYJrqq9GezNFPsWTZpFut/d4CjpZqA0vhqDUPFWYKF1oIyBz5qnoYMzR+0C/T96t3ebLAC1SSnwrVOm5/j74A==}
    dev: true

  /@types/prop-types@15.7.5:
    resolution: {integrity: sha512-JCB8C6SnDoQf0cNycqd/35A7MjcnK+ZTqE7judS6o7utxUCg6imJg3QK2qzHKszlTjcj2cn+NwMB2i96ubpj7w==}
    dev: true

  /@types/react-dom@18.0.11:
    resolution: {integrity: sha512-O38bPbI2CWtgw/OoQoY+BRelw7uysmXbWvw3nLWO21H1HSh+GOlqPuXshJfjmpNlKiiSDG9cc1JZAaMmVdcTlw==}
    dependencies:
      '@types/react': 18.0.32
    dev: true

  /@types/react@18.0.32:
    resolution: {integrity: sha512-gYGXdtPQ9Cj0w2Fwqg5/ak6BcK3Z15YgjSqtyDizWUfx7mQ8drs0NBUzRRsAdoFVTO8kJ8L2TL8Skm7OFPnLUw==}
    dependencies:
      '@types/prop-types': 15.7.5
      '@types/scheduler': 0.16.2
      csstype: 3.1.1
    dev: true

  /@types/scheduler@0.16.2:
    resolution: {integrity: sha512-hppQEBDmlwhFAXKJX2KnWLYu5yMfi91yazPb2l+lbJiwW+wdo1gNeRA+3RgNSO39WYX2euey41KEwnqesU2Jew==}
    dev: true

  /caniuse-lite@1.0.30001431:
    resolution: {integrity: sha512-zBUoFU0ZcxpvSt9IU66dXVT/3ctO1cy4y9cscs1szkPlcWb6pasYM144GqrUygUbT+k7cmUCW61cvskjcv0enQ==}
    dev: false

  /client-only@0.0.1:
    resolution: {integrity: sha512-IV3Ou0jSMzZrd3pZ48nLkT9DA7Ag1pnPzaiQhpW7c3RbcqqzvzzVu+L8gfqMp/8IM2MQtSiqaCxrrcfu8I8rMA==}
    dev: false

  /csstype@3.1.1:
    resolution: {integrity: sha512-DJR/VvkAvSZW9bTouZue2sSxDwdTN92uHjqeKVm+0dAqdfNykRzQ95tay8aXMBAAPpUiq4Qcug2L7neoRh2Egw==}
    dev: true

  /js-tokens@4.0.0:
    resolution: {integrity: sha512-RdJUflcE3cUzKiMqQgsCu06FPu9UdIJO0beYbPhHN4k6apgJtifcoCtT9bcxOpYBtpD2kCM6Sbzg4CausW/PKQ==}
    dev: false

  /loose-envify@1.4.0:
    resolution: {integrity: sha512-lyuxPGr/Wfhrlem2CL/UcnUc1zcqKAImBDzukY7Y5F/yQiNdko6+fRLevlw1HgMySw7f611UIY408EtxRSoK3Q==}
    hasBin: true
    dependencies:
      js-tokens: 4.0.0
    dev: false

  /nanoid@3.3.4:
    resolution: {integrity: sha512-MqBkQh/OHTS2egovRtLk45wEyNXwF+cokD+1YPf9u5VfJiRdAiRwB2froX5Co9Rh20xs4siNPm8naNotSD6RBw==}
    engines: {node: ^10 || ^12 || ^13.7 || ^14 || >=15.0.1}
    hasBin: true
    dev: false

  /next@13.2.5-canary.10(react-dom@18.2.0)(react@18.2.0):
    resolution: {integrity: sha512-ysngqoYzGrAGDlfczfZ03FOfZZA8uu6TakLKB6LR5LF+28CCwjbGOou0smi54RQtCqXDFU3+mnZxGGJG93bHLQ==}
    engines: {node: '>=14.6.0'}
    hasBin: true
    peerDependencies:
      '@opentelemetry/api': ^1.4.1
      fibers: '>= 3.1.0'
      node-sass: ^6.0.0 || ^7.0.0
      react: ^18.2.0
      react-dom: ^18.2.0
      sass: ^1.3.0
    peerDependenciesMeta:
      '@opentelemetry/api':
        optional: true
      fibers:
        optional: true
      node-sass:
        optional: true
      sass:
        optional: true
    dependencies:
      '@next/env': 13.2.5-canary.10
      '@swc/helpers': 0.4.14
      caniuse-lite: 1.0.30001431
      postcss: 8.4.14
      react: 18.2.0
      react-dom: 18.2.0(react@18.2.0)
      styled-jsx: 5.1.1(react@18.2.0)
    optionalDependencies:
      '@next/swc-android-arm-eabi': 13.2.5-canary.10
      '@next/swc-android-arm64': 13.2.5-canary.10
      '@next/swc-darwin-arm64': 13.2.5-canary.10
      '@next/swc-darwin-x64': 13.2.5-canary.10
      '@next/swc-freebsd-x64': 13.2.5-canary.10
      '@next/swc-linux-arm-gnueabihf': 13.2.5-canary.10
      '@next/swc-linux-arm64-gnu': 13.2.5-canary.10
      '@next/swc-linux-arm64-musl': 13.2.5-canary.10
      '@next/swc-linux-x64-gnu': 13.2.5-canary.10
      '@next/swc-linux-x64-musl': 13.2.5-canary.10
      '@next/swc-win32-arm64-msvc': 13.2.5-canary.10
      '@next/swc-win32-ia32-msvc': 13.2.5-canary.10
      '@next/swc-win32-x64-msvc': 13.2.5-canary.10
    transitivePeerDependencies:
      - '@babel/core'
      - babel-plugin-macros
    dev: false

  /nprogress@0.2.0:
    resolution: {integrity: sha512-I19aIingLgR1fmhftnbWWO3dXc0hSxqHQHQb3H8m+K3TnEn/iSeTZZOyvKXWqQESMwuUVnatlCnZdLBZZt2VSA==}
    dev: false

  /picocolors@1.0.0:
    resolution: {integrity: sha512-1fygroTLlHu66zi26VoTDv8yRgm0Fccecssto+MhsZ0D/DGW2sm8E8AjW7NU5VVTRt5GxbeZ5qBuJr+HyLYkjQ==}
    dev: false

  /postcss@8.4.14:
    resolution: {integrity: sha512-E398TUmfAYFPBSdzgeieK2Y1+1cpdxJx8yXbK/m57nRhKSmk1GB2tO4lbLBtlkfPQTDKfe4Xqv1ASWPpayPEig==}
    engines: {node: ^10 || ^12 || >=14}
    dependencies:
      nanoid: 3.3.4
      picocolors: 1.0.0
      source-map-js: 1.0.2
    dev: false

  /react-dom@18.2.0(react@18.2.0):
    resolution: {integrity: sha512-6IMTriUmvsjHUjNtEDudZfuDQUoWXVxKHhlEGSk81n4YFS+r/Kl99wXiwlVXtPBtJenozv2P+hxDsw9eA7Xo6g==}
    peerDependencies:
      react: ^18.2.0
    dependencies:
      loose-envify: 1.4.0
      react: 18.2.0
      scheduler: 0.23.0
    dev: false

  /react@18.2.0:
    resolution: {integrity: sha512-/3IjMdb2L9QbBdWiW5e3P2/npwMBaU9mHCSCUzNln0ZCYbcfTsGbTJrU/kGemdH2IWmB2ioZ+zkxtmq6g09fGQ==}
    engines: {node: '>=0.10.0'}
    dependencies:
      loose-envify: 1.4.0
    dev: false

  /scheduler@0.23.0:
    resolution: {integrity: sha512-CtuThmgHNg7zIZWAXi3AsyIzA3n4xx7aNyjwC2VJldO2LMVDhFK+63xGqq6CsJH4rTAt6/M+N4GhZiDYPx9eUw==}
    dependencies:
      loose-envify: 1.4.0
    dev: false

  /source-map-js@1.0.2:
    resolution: {integrity: sha512-R0XvVJ9WusLiqTCEiGCmICCMplcCkIwwR11mOSD9CR5u+IXYdiseeEuXCVAjS54zqwkLcPNnmU4OeJ6tUrWhDw==}
    engines: {node: '>=0.10.0'}
    dev: false

  /styled-jsx@5.1.1(react@18.2.0):
    resolution: {integrity: sha512-pW7uC1l4mBZ8ugbiZrcIsiIvVx1UmTfw7UkC3Um2tmfUq9Bhk8IiyEIPl6F8agHgjzku6j0xQEZbfA5uSgSaCw==}
    engines: {node: '>= 12.0.0'}
    peerDependencies:
      '@babel/core': '*'
      babel-plugin-macros: '*'
      react: '>= 16.8.0 || 17.x.x || ^18.0.0-0'
    peerDependenciesMeta:
      '@babel/core':
        optional: true
      babel-plugin-macros:
        optional: true
    dependencies:
      client-only: 0.0.1
      react: 18.2.0
    dev: false

  /tslib@2.4.1:
    resolution: {integrity: sha512-tGyy4dAjRIEwI7BzsB0lynWgOpfqjUdq91XXAlIWD2OwKBH7oCl/GZG/HT4BOHrTlPMOASlMQ7veyTqpmRcrNA==}
    dev: false

  /typescript@5.0.3:
    resolution: {integrity: sha512-xv8mOEDnigb/tN9PSMTwSEqAnUvkoXMQlicOb0IUVDBSQCgBSaAAROUZYy2IcUy5qU6XajK5jjjO7TMWqBTKZA==}
    engines: {node: '>=12.20'}
    hasBin: true
    dev: true
